
Microsoft Visual Studio Solution File, Format Version 12.00
# Visual Studio Version 17
VisualStudioVersion = 17.12.35527.113 d17.12
MinimumVisualStudioVersion = 10.0.40219.1
Project("{FAE04EC0-301F-11D3-BF4B-00C04F79EFBC}") = "AlphaApp", "AlphaApp\AlphaApp.csproj", "{34B95CE0-249D-4489-9C4F-832009911D69}"
EndProject
Project("{FAE04EC0-301F-11D3-BF4B-00C04F79EFBC}") = "Data", "Data\Data.csproj", "{2E577723-DA68-4562-8137-35ED5EF62C75}"
EndProject
Project("{FAE04EC0-301F-11D3-BF4B-00C04F79EFBC}") = "Domain", "Domain\Domain.csproj", "{4023CF5B-57A0-421C-BD03-F1F695E833D1}"
EndProject
Project("{FAE04EC0-301F-11D3-BF4B-00C04F79EFBC}") = "Business", "Business\Business.csproj", "{5A691620-1B35-468F-BB0D-C272AA7C8B8A}"
EndProject
Global
	GlobalSection(SolutionConfigurationPlatforms) = preSolution
		Debug|Any CPU = Debug|Any CPU
		Release|Any CPU = Release|Any CPU
	EndGlobalSection
	GlobalSection(ProjectConfigurationPlatforms) = postSolution
		{34B95CE0-249D-4489-9C4F-832009911D69}.Debug|Any CPU.ActiveCfg = Debug|Any CPU
		{34B95CE0-249D-4489-9C4F-832009911D69}.Debug|Any CPU.Build.0 = Debug|Any CPU
		{34B95CE0-249D-4489-9C4F-832009911D69}.Release|Any CPU.ActiveCfg = Release|Any CPU
		{34B95CE0-249D-4489-9C4F-832009911D69}.Release|Any CPU.Build.0 = Release|Any CPU
		{2E577723-DA68-4562-8137-35ED5EF62C75}.Debug|Any CPU.ActiveCfg = Debug|Any CPU
		{2E577723-DA68-4562-8137-35ED5EF62C75}.Debug|Any CPU.Build.0 = Debug|Any CPU
		{2E577723-DA68-4562-8137-35ED5EF62C75}.Release|Any CPU.ActiveCfg = Release|Any CPU
		{2E577723-DA68-4562-8137-35ED5EF62C75}.Release|Any CPU.Build.0 = Release|Any CPU
		{4023CF5B-57A0-421C-BD03-F1F695E833D1}.Debug|Any CPU.ActiveCfg = Debug|Any CPU
		{4023CF5B-57A0-421C-BD03-F1F695E833D1}.Debug|Any CPU.Build.0 = Debug|Any CPU
		{4023CF5B-57A0-421C-BD03-F1F695E833D1}.Release|Any CPU.ActiveCfg = Release|Any CPU
		{4023CF5B-57A0-421C-BD03-F1F695E833D1}.Release|Any CPU.Build.0 = Release|Any CPU
		{5A691620-1B35-468F-BB0D-C272AA7C8B8A}.Debug|Any CPU.ActiveCfg = Debug|Any CPU
		{5A691620-1B35-468F-BB0D-C272AA7C8B8A}.Debug|Any CPU.Build.0 = Debug|Any CPU
		{5A691620-1B35-468F-BB0D-C272AA7C8B8A}.Release|Any CPU.ActiveCfg = Release|Any CPU
		{5A691620-1B35-468F-BB0D-C272AA7C8B8A}.Release|Any CPU.Build.0 = Release|Any CPU
	EndGlobalSection
	GlobalSection(SolutionProperties) = preSolution
		HideSolutionNode = FALSE
	EndGlobalSection
EndGlobal
